// !$*UTF8*$!
{
	archiveVersion = 1;
	classes = {
	};
	objectVersion = 55;
	objects = {

/* Begin PBXBuildFile section */
		84132ABC272DF99100D20633 /* ClipboardObject.swift in Sources */ = {isa = PBXBuildFile; fileRef = 84132ABB272DF99100D20633 /* ClipboardObject.swift */; };
		84132ABE272DF9AF00D20633 /* HoveredRow.swift in Sources */ = {isa = PBXBuildFile; fileRef = 84132ABD272DF9AF00D20633 /* HoveredRow.swift */; };
		843F639F271B5E77005E6541 /* CellExtendedPopover.swift in Sources */ = {isa = PBXBuildFile; fileRef = 843F639E271B5E77005E6541 /* CellExtendedPopover.swift */; };
		845CC32826FD137A00F24D1A /* AppDelegate.swift in Sources */ = {isa = PBXBuildFile; fileRef = 845CC32726FD137A00F24D1A /* AppDelegate.swift */; };
		845CC32A26FD137A00F24D1A /* MainViewController.swift in Sources */ = {isa = PBXBuildFile; fileRef = 845CC32926FD137A00F24D1A /* MainViewController.swift */; };
		845CC32F26FD137F00F24D1A /* Main.storyboard in Resources */ = {isa = PBXBuildFile; fileRef = 845CC32D26FD137F00F24D1A /* Main.storyboard */; };
		845CC33A26FD137F00F24D1A /* Clipboard_ManagerTests.swift in Sources */ = {isa = PBXBuildFile; fileRef = 845CC33926FD137F00F24D1A /* Clipboard_ManagerTests.swift */; };
		845CC34426FD137F00F24D1A /* Clipboard_ManagerUITests.swift in Sources */ = {isa = PBXBuildFile; fileRef = 845CC34326FD137F00F24D1A /* Clipboard_ManagerUITests.swift */; };
		845CC34626FD137F00F24D1A /* Clipboard_ManagerUITestsLaunchTests.swift in Sources */ = {isa = PBXBuildFile; fileRef = 845CC34526FD137F00F24D1A /* Clipboard_ManagerUITestsLaunchTests.swift */; };
		8461093C271B4E7C00331D12 /* String.swift in Sources */ = {isa = PBXBuildFile; fileRef = 8461093B271B4E7C00331D12 /* String.swift */; };
		846EEE432736061300DA43FD /* NSImage.swift in Sources */ = {isa = PBXBuildFile; fileRef = 846EEE422736061300DA43FD /* NSImage.swift */; };
		8472CEE82701FA5200A9D44A /* NSView.swift in Sources */ = {isa = PBXBuildFile; fileRef = 8472CEE72701FA5200A9D44A /* NSView.swift */; };
		8472CEEB27027D4500A9D44A /* Constants.swift in Sources */ = {isa = PBXBuildFile; fileRef = 8472CEEA27027D4500A9D44A /* Constants.swift */; };
		8472CEED27027F8D00A9D44A /* ClipboardHandler.swift in Sources */ = {isa = PBXBuildFile; fileRef = 8472CEEC27027F8D00A9D44A /* ClipboardHandler.swift */; };
		8472CEEF2702820B00A9D44A /* ClipboardTableCell.swift in Sources */ = {isa = PBXBuildFile; fileRef = 8472CEEE2702820B00A9D44A /* ClipboardTableCell.swift */; };
		8485E0332710D50900CF2918 /* Assets.xcassets in Resources */ = {isa = PBXBuildFile; fileRef = 8485E0322710D50900CF2918 /* Assets.xcassets */; };
		8487686A26FD31E100BCAB06 /* ClipboardTableVC.swift in Sources */ = {isa = PBXBuildFile; fileRef = 8487686926FD31E100BCAB06 /* ClipboardTableVC.swift */; };
		8487686C27011F4600BCAB06 /* UIUtils.swift in Sources */ = {isa = PBXBuildFile; fileRef = 8487686B27011F4600BCAB06 /* UIUtils.swift */; };
		848B1924271B6C9E00DD3C9F /* CellPopover.storyboard in Resources */ = {isa = PBXBuildFile; fileRef = 848B1923271B6C9E00DD3C9F /* CellPopover.storyboard */; };
		84AEF6CB27033A7200751A96 /* ClipboardSearchField.swift in Sources */ = {isa = PBXBuildFile; fileRef = 84AEF6CA27033A7200751A96 /* ClipboardSearchField.swift */; };
		84C8E32327122A66002D474C /* SQLite in Frameworks */ = {isa = PBXBuildFile; productRef = 84C8E32227122A66002D474C /* SQLite */; };
		84C8E32527122AB4002D474C /* DatabaseHandler.swift in Sources */ = {isa = PBXBuildFile; fileRef = 84C8E32427122AB4002D474C /* DatabaseHandler.swift */; };
/* End PBXBuildFile section */

/* Begin PBXContainerItemProxy section */
		845CC33626FD137F00F24D1A /* PBXContainerItemProxy */ = {
			isa = PBXContainerItemProxy;
			containerPortal = 845CC31C26FD137A00F24D1A /* Project object */;
			proxyType = 1;
			remoteGlobalIDString = 845CC32326FD137A00F24D1A;
			remoteInfo = "Clipboard Manager";
		};
		845CC34026FD137F00F24D1A /* PBXContainerItemProxy */ = {
			isa = PBXContainerItemProxy;
			containerPortal = 845CC31C26FD137A00F24D1A /* Project object */;
			proxyType = 1;
			remoteGlobalIDString = 845CC32326FD137A00F24D1A;
			remoteInfo = "Clipboard Manager";
		};
/* End PBXContainerItemProxy section */

/* Begin PBXFileReference section */
		84132ABB272DF99100D20633 /* ClipboardObject.swift */ = {isa = PBXFileReference; lastKnownFileType = sourcecode.swift; path = ClipboardObject.swift; sourceTree = "<group>"; };
		84132ABD272DF9AF00D20633 /* HoveredRow.swift */ = {isa = PBXFileReference; lastKnownFileType = sourcecode.swift; path = HoveredRow.swift; sourceTree = "<group>"; };
		843F639E271B5E77005E6541 /* CellExtendedPopover.swift */ = {isa = PBXFileReference; lastKnownFileType = sourcecode.swift; path = CellExtendedPopover.swift; sourceTree = "<group>"; };
		845CC32426FD137A00F24D1A /* Clipboard Manager.app */ = {isa = PBXFileReference; explicitFileType = wrapper.application; includeInIndex = 0; path = "Clipboard Manager.app"; sourceTree = BUILT_PRODUCTS_DIR; };
		845CC32726FD137A00F24D1A /* AppDelegate.swift */ = {isa = PBXFileReference; lastKnownFileType = sourcecode.swift; path = AppDelegate.swift; sourceTree = "<group>"; };
		845CC32926FD137A00F24D1A /* MainViewController.swift */ = {isa = PBXFileReference; lastKnownFileType = sourcecode.swift; path = MainViewController.swift; sourceTree = "<group>"; };
		845CC32E26FD137F00F24D1A /* Base */ = {isa = PBXFileReference; lastKnownFileType = file.storyboard; name = Base; path = Base.lproj/Main.storyboard; sourceTree = "<group>"; };
		845CC33026FD137F00F24D1A /* Clipboard_Manager.entitlements */ = {isa = PBXFileReference; lastKnownFileType = text.plist.entitlements; path = Clipboard_Manager.entitlements; sourceTree = "<group>"; };
		845CC33526FD137F00F24D1A /* Clipboard ManagerTests.xctest */ = {isa = PBXFileReference; explicitFileType = wrapper.cfbundle; includeInIndex = 0; path = "Clipboard ManagerTests.xctest"; sourceTree = BUILT_PRODUCTS_DIR; };
		845CC33926FD137F00F24D1A /* Clipboard_ManagerTests.swift */ = {isa = PBXFileReference; lastKnownFileType = sourcecode.swift; path = Clipboard_ManagerTests.swift; sourceTree = "<group>"; };
		845CC33F26FD137F00F24D1A /* Clipboard ManagerUITests.xctest */ = {isa = PBXFileReference; explicitFileType = wrapper.cfbundle; includeInIndex = 0; path = "Clipboard ManagerUITests.xctest"; sourceTree = BUILT_PRODUCTS_DIR; };
		845CC34326FD137F00F24D1A /* Clipboard_ManagerUITests.swift */ = {isa = PBXFileReference; lastKnownFileType = sourcecode.swift; path = Clipboard_ManagerUITests.swift; sourceTree = "<group>"; };
		845CC34526FD137F00F24D1A /* Clipboard_ManagerUITestsLaunchTests.swift */ = {isa = PBXFileReference; lastKnownFileType = sourcecode.swift; path = Clipboard_ManagerUITestsLaunchTests.swift; sourceTree = "<group>"; };
		845CC35226FD14A400F24D1A /* Clipboard-Manager-Info.plist */ = {isa = PBXFileReference; lastKnownFileType = text.plist; path = "Clipboard-Manager-Info.plist"; sourceTree = SOURCE_ROOT; };
		8461093B271B4E7C00331D12 /* String.swift */ = {isa = PBXFileReference; lastKnownFileType = sourcecode.swift; path = String.swift; sourceTree = "<group>"; };
		846EEE422736061300DA43FD /* NSImage.swift */ = {isa = PBXFileReference; lastKnownFileType = sourcecode.swift; path = NSImage.swift; sourceTree = "<group>"; };
		8472CEE72701FA5200A9D44A /* NSView.swift */ = {isa = PBXFileReference; lastKnownFileType = sourcecode.swift; path = NSView.swift; sourceTree = "<group>"; };
		8472CEEA27027D4500A9D44A /* Constants.swift */ = {isa = PBXFileReference; lastKnownFileType = sourcecode.swift; path = Constants.swift; sourceTree = "<group>"; };
		8472CEEC27027F8D00A9D44A /* ClipboardHandler.swift */ = {isa = PBXFileReference; lastKnownFileType = sourcecode.swift; path = ClipboardHandler.swift; sourceTree = "<group>"; };
		8472CEEE2702820B00A9D44A /* ClipboardTableCell.swift */ = {isa = PBXFileReference; lastKnownFileType = sourcecode.swift; path = ClipboardTableCell.swift; sourceTree = "<group>"; };
		8485E0322710D50900CF2918 /* Assets.xcassets */ = {isa = PBXFileReference; lastKnownFileType = folder.assetcatalog; path = Assets.xcassets; sourceTree = "<group>"; };
		8487686926FD31E100BCAB06 /* ClipboardTableVC.swift */ = {isa = PBXFileReference; lastKnownFileType = sourcecode.swift; path = ClipboardTableVC.swift; sourceTree = "<group>"; };
		8487686B27011F4600BCAB06 /* UIUtils.swift */ = {isa = PBXFileReference; lastKnownFileType = sourcecode.swift; path = UIUtils.swift; sourceTree = "<group>"; };
		848B1923271B6C9E00DD3C9F /* CellPopover.storyboard */ = {isa = PBXFileReference; lastKnownFileType = file.storyboard; path = CellPopover.storyboard; sourceTree = "<group>"; };
		84AEF6CA27033A7200751A96 /* ClipboardSearchField.swift */ = {isa = PBXFileReference; lastKnownFileType = sourcecode.swift; path = ClipboardSearchField.swift; sourceTree = "<group>"; };
		84C8E32427122AB4002D474C /* DatabaseHandler.swift */ = {isa = PBXFileReference; lastKnownFileType = sourcecode.swift; path = DatabaseHandler.swift; sourceTree = "<group>"; };
/* End PBXFileReference section */

/* Begin PBXFrameworksBuildPhase section */
		845CC32126FD137A00F24D1A /* Frameworks */ = {
			isa = PBXFrameworksBuildPhase;
			buildActionMask = 2147483647;
			files = (
				84C8E32327122A66002D474C /* SQLite in Frameworks */,
			);
			runOnlyForDeploymentPostprocessing = 0;
		};
		845CC33226FD137F00F24D1A /* Frameworks */ = {
			isa = PBXFrameworksBuildPhase;
			buildActionMask = 2147483647;
			files = (
			);
			runOnlyForDeploymentPostprocessing = 0;
		};
		845CC33C26FD137F00F24D1A /* Frameworks */ = {
			isa = PBXFrameworksBuildPhase;
			buildActionMask = 2147483647;
			files = (
			);
			runOnlyForDeploymentPostprocessing = 0;
		};
/* End PBXFrameworksBuildPhase section */

/* Begin PBXGroup section */
		845CC31B26FD137A00F24D1A = {
			isa = PBXGroup;
			children = (
				845CC32626FD137A00F24D1A /* Clipboard-Manager */,
				845CC33826FD137F00F24D1A /* Clipboard-ManagerTests */,
				845CC34226FD137F00F24D1A /* Clipboard-ManagerUITests */,
				845CC32526FD137A00F24D1A /* Products */,
			);
			sourceTree = "<group>";
		};
		845CC32526FD137A00F24D1A /* Products */ = {
			isa = PBXGroup;
			children = (
				845CC32426FD137A00F24D1A /* Clipboard Manager.app */,
				845CC33526FD137F00F24D1A /* Clipboard ManagerTests.xctest */,
				845CC33F26FD137F00F24D1A /* Clipboard ManagerUITests.xctest */,
			);
			name = Products;
			sourceTree = "<group>";
		};
		845CC32626FD137A00F24D1A /* Clipboard-Manager */ = {
			isa = PBXGroup;
			children = (
				8472CEE927027D2E00A9D44A /* Clipboard */,
				8472CEE62701FA4200A9D44A /* Extensions */,
				8487686726FD2A5D00BCAB06 /* UI */,
				845CC35226FD14A400F24D1A /* Clipboard-Manager-Info.plist */,
				845CC32726FD137A00F24D1A /* AppDelegate.swift */,
				845CC32926FD137A00F24D1A /* MainViewController.swift */,
				845CC32D26FD137F00F24D1A /* Main.storyboard */,
				845CC33026FD137F00F24D1A /* Clipboard_Manager.entitlements */,
				8472CEEA27027D4500A9D44A /* Constants.swift */,
				8485E0322710D50900CF2918 /* Assets.xcassets */,
				848B1923271B6C9E00DD3C9F /* CellPopover.storyboard */,
			);
			path = "Clipboard-Manager";
			sourceTree = "<group>";
		};
		845CC33826FD137F00F24D1A /* Clipboard-ManagerTests */ = {
			isa = PBXGroup;
			children = (
				845CC33926FD137F00F24D1A /* Clipboard_ManagerTests.swift */,
			);
			path = "Clipboard-ManagerTests";
			sourceTree = "<group>";
		};
		845CC34226FD137F00F24D1A /* Clipboard-ManagerUITests */ = {
			isa = PBXGroup;
			children = (
				845CC34326FD137F00F24D1A /* Clipboard_ManagerUITests.swift */,
				845CC34526FD137F00F24D1A /* Clipboard_ManagerUITestsLaunchTests.swift */,
			);
			path = "Clipboard-ManagerUITests";
			sourceTree = "<group>";
		};
		8472CEE62701FA4200A9D44A /* Extensions */ = {
			isa = PBXGroup;
			children = (
				8472CEE72701FA5200A9D44A /* NSView.swift */,
				8461093B271B4E7C00331D12 /* String.swift */,
				846EEE422736061300DA43FD /* NSImage.swift */,
			);
			path = Extensions;
			sourceTree = "<group>";
		};
		8472CEE927027D2E00A9D44A /* Clipboard */ = {
			isa = PBXGroup;
			children = (
				8472CEEC27027F8D00A9D44A /* ClipboardHandler.swift */,
				84C8E32427122AB4002D474C /* DatabaseHandler.swift */,
				84132ABB272DF99100D20633 /* ClipboardObject.swift */,
			);
			path = Clipboard;
			sourceTree = "<group>";
		};
		8487686726FD2A5D00BCAB06 /* UI */ = {
			isa = PBXGroup;
			children = (
				8487686926FD31E100BCAB06 /* ClipboardTableVC.swift */,
				8487686B27011F4600BCAB06 /* UIUtils.swift */,
				8472CEEE2702820B00A9D44A /* ClipboardTableCell.swift */,
				84AEF6CA27033A7200751A96 /* ClipboardSearchField.swift */,
				843F639E271B5E77005E6541 /* CellExtendedPopover.swift */,
				84132ABD272DF9AF00D20633 /* HoveredRow.swift */,
			);
			path = UI;
			sourceTree = "<group>";
		};
/* End PBXGroup section */

/* Begin PBXNativeTarget section */
		845CC32326FD137A00F24D1A /* Clipboard Manager */ = {
			isa = PBXNativeTarget;
			buildConfigurationList = 845CC34926FD137F00F24D1A /* Build configuration list for PBXNativeTarget "Clipboard Manager" */;
			buildPhases = (
				8487686D27012AA900BCAB06 /* ShellScript */,
				845CC32026FD137A00F24D1A /* Sources */,
				845CC32126FD137A00F24D1A /* Frameworks */,
				845CC32226FD137A00F24D1A /* Resources */,
			);
			buildRules = (
			);
			dependencies = (
			);
			name = "Clipboard Manager";
			packageProductDependencies = (
				84C8E32227122A66002D474C /* SQLite */,
			);
			productName = "Clipboard Manager";
			productReference = 845CC32426FD137A00F24D1A /* Clipboard Manager.app */;
			productType = "com.apple.product-type.application";
		};
		845CC33426FD137F00F24D1A /* Clipboard ManagerTests */ = {
			isa = PBXNativeTarget;
			buildConfigurationList = 845CC34C26FD137F00F24D1A /* Build configuration list for PBXNativeTarget "Clipboard ManagerTests" */;
			buildPhases = (
				845CC33126FD137F00F24D1A /* Sources */,
				845CC33226FD137F00F24D1A /* Frameworks */,
				845CC33326FD137F00F24D1A /* Resources */,
			);
			buildRules = (
			);
			dependencies = (
				845CC33726FD137F00F24D1A /* PBXTargetDependency */,
			);
			name = "Clipboard ManagerTests";
			productName = "Clipboard ManagerTests";
			productReference = 845CC33526FD137F00F24D1A /* Clipboard ManagerTests.xctest */;
			productType = "com.apple.product-type.bundle.unit-test";
		};
		845CC33E26FD137F00F24D1A /* Clipboard ManagerUITests */ = {
			isa = PBXNativeTarget;
			buildConfigurationList = 845CC34F26FD137F00F24D1A /* Build configuration list for PBXNativeTarget "Clipboard ManagerUITests" */;
			buildPhases = (
				845CC33B26FD137F00F24D1A /* Sources */,
				845CC33C26FD137F00F24D1A /* Frameworks */,
				845CC33D26FD137F00F24D1A /* Resources */,
			);
			buildRules = (
			);
			dependencies = (
				845CC34126FD137F00F24D1A /* PBXTargetDependency */,
			);
			name = "Clipboard ManagerUITests";
			productName = "Clipboard ManagerUITests";
			productReference = 845CC33F26FD137F00F24D1A /* Clipboard ManagerUITests.xctest */;
			productType = "com.apple.product-type.bundle.ui-testing";
		};
/* End PBXNativeTarget section */

/* Begin PBXProject section */
		845CC31C26FD137A00F24D1A /* Project object */ = {
			isa = PBXProject;
			attributes = {
				BuildIndependentTargetsInParallel = 1;
				LastSwiftUpdateCheck = 1300;
				LastUpgradeCheck = 1300;
				TargetAttributes = {
					845CC32326FD137A00F24D1A = {
						CreatedOnToolsVersion = 13.0;
					};
					845CC33426FD137F00F24D1A = {
						CreatedOnToolsVersion = 13.0;
						TestTargetID = 845CC32326FD137A00F24D1A;
					};
					845CC33E26FD137F00F24D1A = {
						CreatedOnToolsVersion = 13.0;
						TestTargetID = 845CC32326FD137A00F24D1A;
					};
				};
			};
			buildConfigurationList = 845CC31F26FD137A00F24D1A /* Build configuration list for PBXProject "Clipboard-Manager" */;
			compatibilityVersion = "Xcode 13.0";
			developmentRegion = en;
			hasScannedForEncodings = 0;
			knownRegions = (
				en,
				Base,
			);
			mainGroup = 845CC31B26FD137A00F24D1A;
			packageReferences = (
				84C8E32127122A66002D474C /* XCRemoteSwiftPackageReference "SQLite.swift" */,
			);
			productRefGroup = 845CC32526FD137A00F24D1A /* Products */;
			projectDirPath = "";
			projectRoot = "";
			targets = (
				845CC32326FD137A00F24D1A /* Clipboard Manager */,
				845CC33426FD137F00F24D1A /* Clipboard ManagerTests */,
				845CC33E26FD137F00F24D1A /* Clipboard ManagerUITests */,
			);
		};
/* End PBXProject section */

/* Begin PBXResourcesBuildPhase section */
		845CC32226FD137A00F24D1A /* Resources */ = {
			isa = PBXResourcesBuildPhase;
			buildActionMask = 2147483647;
			files = (
				8485E0332710D50900CF2918 /* Assets.xcassets in Resources */,
				845CC32F26FD137F00F24D1A /* Main.storyboard in Resources */,
				848B1924271B6C9E00DD3C9F /* CellPopover.storyboard in Resources */,
			);
			runOnlyForDeploymentPostprocessing = 0;
		};
		845CC33326FD137F00F24D1A /* Resources */ = {
			isa = PBXResourcesBuildPhase;
			buildActionMask = 2147483647;
			files = (
			);
			runOnlyForDeploymentPostprocessing = 0;
		};
		845CC33D26FD137F00F24D1A /* Resources */ = {
			isa = PBXResourcesBuildPhase;
			buildActionMask = 2147483647;
			files = (
			);
			runOnlyForDeploymentPostprocessing = 0;
		};
/* End PBXResourcesBuildPhase section */

/* Begin PBXShellScriptBuildPhase section */
		8487686D27012AA900BCAB06 /* ShellScript */ = {
			isa = PBXShellScriptBuildPhase;
			buildActionMask = 2147483647;
			files = (
			);
			inputFileListPaths = (
			);
			inputPaths = (
			);
			outputFileListPaths = (
			);
			outputPaths = (
			);
			runOnlyForDeploymentPostprocessing = 0;
			shellPath = /bin/sh;
			shellScript = "# Type a script or drag a script file from your workspace to insert its path.\nif which swiftlint >/dev/null; then\n  swiftlint\nelse\n  echo \"warning: SwiftLint not installed, download from https://github.com/realm/SwiftLint\"\nfi\n";
		};
/* End PBXShellScriptBuildPhase section */

/* Begin PBXSourcesBuildPhase section */
		845CC32026FD137A00F24D1A /* Sources */ = {
			isa = PBXSourcesBuildPhase;
			buildActionMask = 2147483647;
			files = (
				845CC32A26FD137A00F24D1A /* MainViewController.swift in Sources */,
				8461093C271B4E7C00331D12 /* String.swift in Sources */,
				845CC32826FD137A00F24D1A /* AppDelegate.swift in Sources */,
				84132ABC272DF99100D20633 /* ClipboardObject.swift in Sources */,
				846EEE432736061300DA43FD /* NSImage.swift in Sources */,
				8487686A26FD31E100BCAB06 /* ClipboardTableVC.swift in Sources */,
				843F639F271B5E77005E6541 /* CellExtendedPopover.swift in Sources */,
				8472CEEF2702820B00A9D44A /* ClipboardTableCell.swift in Sources */,
				8472CEE82701FA5200A9D44A /* NSView.swift in Sources */,
				84C8E32527122AB4002D474C /* DatabaseHandler.swift in Sources */,
				8487686C27011F4600BCAB06 /* UIUtils.swift in Sources */,
				84132ABE272DF9AF00D20633 /* HoveredRow.swift in Sources */,
				84AEF6CB27033A7200751A96 /* ClipboardSearchField.swift in Sources */,
				8472CEED27027F8D00A9D44A /* ClipboardHandler.swift in Sources */,
				8472CEEB27027D4500A9D44A /* Constants.swift in Sources */,
			);
			runOnlyForDeploymentPostprocessing = 0;
		};
		845CC33126FD137F00F24D1A /* Sources */ = {
			isa = PBXSourcesBuildPhase;
			buildActionMask = 2147483647;
			files = (
				845CC33A26FD137F00F24D1A /* Clipboard_ManagerTests.swift in Sources */,
			);
			runOnlyForDeploymentPostprocessing = 0;
		};
		845CC33B26FD137F00F24D1A /* Sources */ = {
			isa = PBXSourcesBuildPhase;
			buildActionMask = 2147483647;
			files = (
				845CC34426FD137F00F24D1A /* Clipboard_ManagerUITests.swift in Sources */,
				845CC34626FD137F00F24D1A /* Clipboard_ManagerUITestsLaunchTests.swift in Sources */,
			);
			runOnlyForDeploymentPostprocessing = 0;
		};
/* End PBXSourcesBuildPhase section */

/* Begin PBXTargetDependency section */
		845CC33726FD137F00F24D1A /* PBXTargetDependency */ = {
			isa = PBXTargetDependency;
			target = 845CC32326FD137A00F24D1A /* Clipboard Manager */;
			targetProxy = 845CC33626FD137F00F24D1A /* PBXContainerItemProxy */;
		};
		845CC34126FD137F00F24D1A /* PBXTargetDependency */ = {
			isa = PBXTargetDependency;
			target = 845CC32326FD137A00F24D1A /* Clipboard Manager */;
			targetProxy = 845CC34026FD137F00F24D1A /* PBXContainerItemProxy */;
		};
/* End PBXTargetDependency section */

/* Begin PBXVariantGroup section */
		845CC32D26FD137F00F24D1A /* Main.storyboard */ = {
			isa = PBXVariantGroup;
			children = (
				845CC32E26FD137F00F24D1A /* Base */,
			);
			name = Main.storyboard;
			sourceTree = "<group>";
		};
/* End PBXVariantGroup section */

/* Begin XCBuildConfiguration section */
		845CC34726FD137F00F24D1A /* Debug */ = {
			isa = XCBuildConfiguration;
			buildSettings = {
				ALWAYS_SEARCH_USER_PATHS = NO;
				CLANG_ANALYZER_NONNULL = YES;
				CLANG_ANALYZER_NUMBER_OBJECT_CONVERSION = YES_AGGRESSIVE;
				CLANG_CXX_LANGUAGE_STANDARD = "gnu++17";
				CLANG_CXX_LIBRARY = "libc++";
				CLANG_ENABLE_MODULES = YES;
				CLANG_ENABLE_OBJC_ARC = YES;
				CLANG_ENABLE_OBJC_WEAK = YES;
				CLANG_WARN_BLOCK_CAPTURE_AUTORELEASING = YES;
				CLANG_WARN_BOOL_CONVERSION = YES;
				CLANG_WARN_COMMA = YES;
				CLANG_WARN_CONSTANT_CONVERSION = YES;
				CLANG_WARN_DEPRECATED_OBJC_IMPLEMENTATIONS = YES;
				CLANG_WARN_DIRECT_OBJC_ISA_USAGE = YES_ERROR;
				CLANG_WARN_DOCUMENTATION_COMMENTS = YES;
				CLANG_WARN_EMPTY_BODY = YES;
				CLANG_WARN_ENUM_CONVERSION = YES;
				CLANG_WARN_INFINITE_RECURSION = YES;
				CLANG_WARN_INT_CONVERSION = YES;
				CLANG_WARN_NON_LITERAL_NULL_CONVERSION = YES;
				CLANG_WARN_OBJC_IMPLICIT_RETAIN_SELF = YES;
				CLANG_WARN_OBJC_LITERAL_CONVERSION = YES;
				CLANG_WARN_OBJC_ROOT_CLASS = YES_ERROR;
				CLANG_WARN_QUOTED_INCLUDE_IN_FRAMEWORK_HEADER = YES;
				CLANG_WARN_RANGE_LOOP_ANALYSIS = YES;
				CLANG_WARN_STRICT_PROTOTYPES = YES;
				CLANG_WARN_SUSPICIOUS_MOVE = YES;
				CLANG_WARN_UNGUARDED_AVAILABILITY = YES_AGGRESSIVE;
				CLANG_WARN_UNREACHABLE_CODE = YES;
				CLANG_WARN__DUPLICATE_METHOD_MATCH = YES;
				COPY_PHASE_STRIP = NO;
				DEBUG_INFORMATION_FORMAT = dwarf;
				ENABLE_STRICT_OBJC_MSGSEND = YES;
				ENABLE_TESTABILITY = YES;
				GCC_C_LANGUAGE_STANDARD = gnu11;
				GCC_DYNAMIC_NO_PIC = NO;
				GCC_NO_COMMON_BLOCKS = YES;
				GCC_OPTIMIZATION_LEVEL = 0;
				GCC_PREPROCESSOR_DEFINITIONS = (
					"DEBUG=1",
					"$(inherited)",
				);
				GCC_WARN_64_TO_32_BIT_CONVERSION = YES;
				GCC_WARN_ABOUT_RETURN_TYPE = YES_ERROR;
				GCC_WARN_UNDECLARED_SELECTOR = YES;
				GCC_WARN_UNINITIALIZED_AUTOS = YES_AGGRESSIVE;
				GCC_WARN_UNUSED_FUNCTION = YES;
				GCC_WARN_UNUSED_VARIABLE = YES;
				MACOSX_DEPLOYMENT_TARGET = 11.3;
				MTL_ENABLE_DEBUG_INFO = INCLUDE_SOURCE;
				MTL_FAST_MATH = YES;
				ONLY_ACTIVE_ARCH = YES;
				SDKROOT = macosx;
				SWIFT_ACTIVE_COMPILATION_CONDITIONS = DEBUG;
				SWIFT_OPTIMIZATION_LEVEL = "-Onone";
			};
			name = Debug;
		};
		845CC34826FD137F00F24D1A /* Release */ = {
			isa = XCBuildConfiguration;
			buildSettings = {
				ALWAYS_SEARCH_USER_PATHS = NO;
				CLANG_ANALYZER_NONNULL = YES;
				CLANG_ANALYZER_NUMBER_OBJECT_CONVERSION = YES_AGGRESSIVE;
				CLANG_CXX_LANGUAGE_STANDARD = "gnu++17";
				CLANG_CXX_LIBRARY = "libc++";
				CLANG_ENABLE_MODULES = YES;
				CLANG_ENABLE_OBJC_ARC = YES;
				CLANG_ENABLE_OBJC_WEAK = YES;
				CLANG_WARN_BLOCK_CAPTURE_AUTORELEASING = YES;
				CLANG_WARN_BOOL_CONVERSION = YES;
				CLANG_WARN_COMMA = YES;
				CLANG_WARN_CONSTANT_CONVERSION = YES;
				CLANG_WARN_DEPRECATED_OBJC_IMPLEMENTATIONS = YES;
				CLANG_WARN_DIRECT_OBJC_ISA_USAGE = YES_ERROR;
				CLANG_WARN_DOCUMENTATION_COMMENTS = YES;
				CLANG_WARN_EMPTY_BODY = YES;
				CLANG_WARN_ENUM_CONVERSION = YES;
				CLANG_WARN_INFINITE_RECURSION = YES;
				CLANG_WARN_INT_CONVERSION = YES;
				CLANG_WARN_NON_LITERAL_NULL_CONVERSION = YES;
				CLANG_WARN_OBJC_IMPLICIT_RETAIN_SELF = YES;
				CLANG_WARN_OBJC_LITERAL_CONVERSION = YES;
				CLANG_WARN_OBJC_ROOT_CLASS = YES_ERROR;
				CLANG_WARN_QUOTED_INCLUDE_IN_FRAMEWORK_HEADER = YES;
				CLANG_WARN_RANGE_LOOP_ANALYSIS = YES;
				CLANG_WARN_STRICT_PROTOTYPES = YES;
				CLANG_WARN_SUSPICIOUS_MOVE = YES;
				CLANG_WARN_UNGUARDED_AVAILABILITY = YES_AGGRESSIVE;
				CLANG_WARN_UNREACHABLE_CODE = YES;
				CLANG_WARN__DUPLICATE_METHOD_MATCH = YES;
				COPY_PHASE_STRIP = NO;
				DEBUG_INFORMATION_FORMAT = "dwarf-with-dsym";
				ENABLE_NS_ASSERTIONS = NO;
				ENABLE_STRICT_OBJC_MSGSEND = YES;
				GCC_C_LANGUAGE_STANDARD = gnu11;
				GCC_NO_COMMON_BLOCKS = YES;
				GCC_WARN_64_TO_32_BIT_CONVERSION = YES;
				GCC_WARN_ABOUT_RETURN_TYPE = YES_ERROR;
				GCC_WARN_UNDECLARED_SELECTOR = YES;
				GCC_WARN_UNINITIALIZED_AUTOS = YES_AGGRESSIVE;
				GCC_WARN_UNUSED_FUNCTION = YES;
				GCC_WARN_UNUSED_VARIABLE = YES;
				MACOSX_DEPLOYMENT_TARGET = 11.3;
				MTL_ENABLE_DEBUG_INFO = NO;
				MTL_FAST_MATH = YES;
				SDKROOT = macosx;
				SWIFT_COMPILATION_MODE = wholemodule;
				SWIFT_OPTIMIZATION_LEVEL = "-O";
			};
			name = Release;
		};
		845CC34A26FD137F00F24D1A /* Debug */ = {
			isa = XCBuildConfiguration;
			buildSettings = {
				ASSETCATALOG_COMPILER_APPICON_NAME = AppIcon;
				ASSETCATALOG_COMPILER_GLOBAL_ACCENT_COLOR_NAME = AccentColor;
				CODE_SIGN_ENTITLEMENTS = "Clipboard-Manager/Clipboard_Manager.entitlements";
				CODE_SIGN_IDENTITY = "-";
				CODE_SIGN_STYLE = Automatic;
				COMBINE_HIDPI_IMAGES = YES;
				CURRENT_PROJECT_VERSION = 1;
				DEVELOPMENT_TEAM = DK2JQD2M6M;
				ENABLE_HARDENED_RUNTIME = YES;
				GENERATE_INFOPLIST_FILE = YES;
				INFOPLIST_FILE = "Clipboard-Manager-Info.plist";
				INFOPLIST_KEY_LSApplicationCategoryType = "public.app-category.utilities";
				INFOPLIST_KEY_NSHumanReadableCopyright = "";
				INFOPLIST_KEY_NSMainStoryboardFile = Main;
				INFOPLIST_KEY_NSPrincipalClass = NSApplication;
				LD_RUNPATH_SEARCH_PATHS = (
					"$(inherited)",
					"@executable_path/../Frameworks",
				);
				MARKETING_VERSION = 1.0;
				OTHER_CODE_SIGN_FLAGS = "--deep";
				PRODUCT_BUNDLE_IDENTIFIER = "com.Uri-Yakir.Clipboard-Manager";
				PRODUCT_NAME = "$(TARGET_NAME)";
				SWIFT_EMIT_LOC_STRINGS = YES;
				SWIFT_ENFORCE_EXCLUSIVE_ACCESS = on;
				SWIFT_VERSION = 5.0;
			};
			name = Debug;
		};
		845CC34B26FD137F00F24D1A /* Release */ = {
			isa = XCBuildConfiguration;
			buildSettings = {
				ASSETCATALOG_COMPILER_APPICON_NAME = AppIcon;
				ASSETCATALOG_COMPILER_GLOBAL_ACCENT_COLOR_NAME = AccentColor;
				CODE_SIGN_ENTITLEMENTS = "Clipboard-Manager/Clipboard_Manager.entitlements";
				CODE_SIGN_IDENTITY = "-";
				CODE_SIGN_STYLE = Automatic;
				COMBINE_HIDPI_IMAGES = YES;
				CURRENT_PROJECT_VERSION = 1;
				DEVELOPMENT_TEAM = DK2JQD2M6M;
				ENABLE_HARDENED_RUNTIME = YES;
				GENERATE_INFOPLIST_FILE = YES;
				INFOPLIST_FILE = "Clipboard-Manager-Info.plist";
				INFOPLIST_KEY_LSApplicationCategoryType = "public.app-category.utilities";
				INFOPLIST_KEY_NSHumanReadableCopyright = "";
				INFOPLIST_KEY_NSMainStoryboardFile = Main;
				INFOPLIST_KEY_NSPrincipalClass = NSApplication;
				LD_RUNPATH_SEARCH_PATHS = (
					"$(inherited)",
					"@executable_path/../Frameworks",
				);
				MARKETING_VERSION = 1.0;
				OTHER_CODE_SIGN_FLAGS = "--deep";
				PRODUCT_BUNDLE_IDENTIFIER = "com.Uri-Yakir.Clipboard-Manager";
				PRODUCT_NAME = "$(TARGET_NAME)";
				SWIFT_EMIT_LOC_STRINGS = YES;
				SWIFT_ENFORCE_EXCLUSIVE_ACCESS = on;
				SWIFT_VERSION = 5.0;
			};
			name = Release;
		};
		845CC34D26FD137F00F24D1A /* Debug */ = {
			isa = XCBuildConfiguration;
			buildSettings = {
				ALWAYS_EMBED_SWIFT_STANDARD_LIBRARIES = YES;
				BUNDLE_LOADER = "$(TEST_HOST)";
				CODE_SIGN_STYLE = Automatic;
				COMBINE_HIDPI_IMAGES = YES;
				CURRENT_PROJECT_VERSION = 1;
				DEVELOPMENT_TEAM = DK2JQD2M6M;
				GENERATE_INFOPLIST_FILE = YES;
				LD_RUNPATH_SEARCH_PATHS = (
					"$(inherited)",
					"@executable_path/../Frameworks",
					"@loader_path/../Frameworks",
				);
				MACOSX_DEPLOYMENT_TARGET = 11.3;
				MARKETING_VERSION = 1.0;
				PRODUCT_BUNDLE_IDENTIFIER = "com.Uri-Yakir.Clipboard-ManagerTests";
				PRODUCT_NAME = "$(TARGET_NAME)";
				SWIFT_EMIT_LOC_STRINGS = NO;
				SWIFT_VERSION = 5.0;
				TEST_HOST = "$(BUILT_PRODUCTS_DIR)/Clipboard Manager.app/Contents/MacOS/Clipboard Manager";
			};
			name = Debug;
		};
		845CC34E26FD137F00F24D1A /* Release */ = {
			isa = XCBuildConfiguration;
			buildSettings = {
				ALWAYS_EMBED_SWIFT_STANDARD_LIBRARIES = YES;
				BUNDLE_LOADER = "$(TEST_HOST)";
				CODE_SIGN_STYLE = Automatic;
				COMBINE_HIDPI_IMAGES = YES;
				CURRENT_PROJECT_VERSION = 1;
				DEVELOPMENT_TEAM = DK2JQD2M6M;
				GENERATE_INFOPLIST_FILE = YES;
				LD_RUNPATH_SEARCH_PATHS = (
					"$(inherited)",
					"@executable_path/../Frameworks",
					"@loader_path/../Frameworks",
				);
				MACOSX_DEPLOYMENT_TARGET = 11.3;
				MARKETING_VERSION = 1.0;
				PRODUCT_BUNDLE_IDENTIFIER = "com.Uri-Yakir.Clipboard-ManagerTests";
				PRODUCT_NAME = "$(TARGET_NAME)";
				SWIFT_EMIT_LOC_STRINGS = NO;
				SWIFT_VERSION = 5.0;
				TEST_HOST = "$(BUILT_PRODUCTS_DIR)/Clipboard Manager.app/Contents/MacOS/Clipboard Manager";
			};
			name = Release;
		};
		845CC35026FD137F00F24D1A /* Debug */ = {
			isa = XCBuildConfiguration;
			buildSettings = {
				ALWAYS_EMBED_SWIFT_STANDARD_LIBRARIES = YES;
				CODE_SIGN_STYLE = Automatic;
				COMBINE_HIDPI_IMAGES = YES;
				CURRENT_PROJECT_VERSION = 1;
				DEVELOPMENT_TEAM = DK2JQD2M6M;
				GENERATE_INFOPLIST_FILE = YES;
				LD_RUNPATH_SEARCH_PATHS = (
					"$(inherited)",
					"@executable_path/../Frameworks",
					"@loader_path/../Frameworks",
				);
				MARKETING_VERSION = 1.0;
				PRODUCT_BUNDLE_IDENTIFIER = "com.Uri-Yakir.Clipboard-ManagerUITests";
				PRODUCT_NAME = "$(TARGET_NAME)";
				SWIFT_EMIT_LOC_STRINGS = NO;
				SWIFT_VERSION = 5.0;
				TEST_TARGET_NAME = "Clipboard Manager";
			};
			name = Debug;
		};
		845CC35126FD137F00F24D1A /* Release */ = {
			isa = XCBuildConfiguration;
			buildSettings = {
				ALWAYS_EMBED_SWIFT_STANDARD_LIBRARIES = YES;
				CODE_SIGN_STYLE = Automatic;
				COMBINE_HIDPI_IMAGES = YES;
				CURRENT_PROJECT_VERSION = 1;
				DEVELOPMENT_TEAM = DK2JQD2M6M;
				GENERATE_INFOPLIST_FILE = YES;
				LD_RUNPATH_SEARCH_PATHS = (
					"$(inherited)",
					"@executable_path/../Frameworks",
					"@loader_path/../Frameworks",
				);
				MARKETING_VERSION = 1.0;
				PRODUCT_BUNDLE_IDENTIFIER = "com.Uri-Yakir.Clipboard-ManagerUITests";
				PRODUCT_NAME = "$(TARGET_NAME)";
				SWIFT_EMIT_LOC_STRINGS = NO;
				SWIFT_VERSION = 5.0;
				TEST_TARGET_NAME = "Clipboard Manager";
			};
			name = Release;
		};
/* End XCBuildConfiguration section */

/* Begin XCConfigurationList section */
		845CC31F26FD137A00F24D1A /* Build configuration list for PBXProject "Clipboard-Manager" */ = {
			isa = XCConfigurationList;
			buildConfigurations = (
				845CC34726FD137F00F24D1A /* Debug */,
				845CC34826FD137F00F24D1A /* Release */,
			);
			defaultConfigurationIsVisible = 0;
			defaultConfigurationName = Release;
		};
		845CC34926FD137F00F24D1A /* Build configuration list for PBXNativeTarget "Clipboard Manager" */ = {
			isa = XCConfigurationList;
			buildConfigurations = (
				845CC34A26FD137F00F24D1A /* Debug */,
				845CC34B26FD137F00F24D1A /* Release */,
			);
			defaultConfigurationIsVisible = 0;
			defaultConfigurationName = Release;
		};
		845CC34C26FD137F00F24D1A /* Build configuration list for PBXNativeTarget "Clipboard ManagerTests" */ = {
			isa = XCConfigurationList;
			buildConfigurations = (
				845CC34D26FD137F00F24D1A /* Debug */,
				845CC34E26FD137F00F24D1A /* Release */,
			);
			defaultConfigurationIsVisible = 0;
			defaultConfigurationName = Release;
		};
		845CC34F26FD137F00F24D1A /* Build configuration list for PBXNativeTarget "Clipboard ManagerUITests" */ = {
			isa = XCConfigurationList;
			buildConfigurations = (
				845CC35026FD137F00F24D1A /* Debug */,
				845CC35126FD137F00F24D1A /* Release */,
			);
			defaultConfigurationIsVisible = 0;
			defaultConfigurationName = Release;
		};
/* End XCConfigurationList section */

/* Begin XCRemoteSwiftPackageReference section */
		84C8E32127122A66002D474C /* XCRemoteSwiftPackageReference "SQLite.swift" */ = {
			isa = XCRemoteSwiftPackageReference;
			repositoryURL = "https://github.com/stephencelis/SQLite.swift.git";
			requirement = {
				kind = upToNextMajorVersion;
				minimumVersion = 0.13.0;
			};
		};
/* End XCRemoteSwiftPackageReference section */

/* Begin XCSwiftPackageProductDependency section */
		84C8E32227122A66002D474C /* SQLite */ = {
			isa = XCSwiftPackageProductDependency;
			package = 84C8E32127122A66002D474C /* XCRemoteSwiftPackageReference "SQLite.swift" */;
			productName = SQLite;
		};
/* End XCSwiftPackageProductDependency section */
	};
	rootObject = 845CC31C26FD137A00F24D1A /* Project object */;
}
